
Microsoft Visual Studio Solution File, Format Version 12.00
# Visual Studio Version 17
VisualStudioVersion = 17.12.35521.163 d17.12
MinimumVisualStudioVersion = 10.0.40219.1
Project("{00D1A9C2-B5F0-4AF3-8072-F6C62B433612}") = "Database1", "Database1.sqlproj", "{7168DBDC-D48E-4FA6-98CE-69C4023420E6}"
EndProject
Global
	GlobalSection(SolutionConfigurationPlatforms) = preSolution
		Debug|Any CPU = Debug|Any CPU
		Release|Any CPU = Release|Any CPU
	EndGlobalSection
	GlobalSection(ProjectConfigurationPlatforms) = postSolution
		{7168DBDC-D48E-4FA6-98CE-69C4023420E6}.Debug|Any CPU.ActiveCfg = Debug|Any CPU
		{7168DBDC-D48E-4FA6-98CE-69C4023420E6}.Debug|Any CPU.Build.0 = Debug|Any CPU
		{7168DBDC-D48E-4FA6-98CE-69C4023420E6}.Debug|Any CPU.Deploy.0 = Debug|Any CPU
		{7168DBDC-D48E-4FA6-98CE-69C4023420E6}.Release|Any CPU.ActiveCfg = Release|Any CPU
		{7168DBDC-D48E-4FA6-98CE-69C4023420E6}.Release|Any CPU.Build.0 = Release|Any CPU
		{7168DBDC-D48E-4FA6-98CE-69C4023420E6}.Release|Any CPU.Deploy.0 = Release|Any CPU
	EndGlobalSection
	GlobalSection(SolutionProperties) = preSolution
		HideSolutionNode = FALSE
	EndGlobalSection
EndGlobal
